
Microsoft Visual Studio Solution File, Format Version 12.00
# Visual Studio Version 16
VisualStudioVersion = 16.0.31702.278
MinimumVisualStudioVersion = 10.0.40219.1
Project("{FAE04EC0-301F-11D3-BF4B-00C04F79EFBC}") = "IB_2", "IB_2\IB_2.csproj", "{564E8C2B-D719-462A-A0E9-2744B2CDD32E}"
EndProject
Global
	GlobalSection(SolutionConfigurationPlatforms) = preSolution
		Debug|Any CPU = Debug|Any CPU
		Release|Any CPU = Release|Any CPU
	EndGlobalSection
	GlobalSection(ProjectConfigurationPlatforms) = postSolution
		{564E8C2B-D719-462A-A0E9-2744B2CDD32E}.Debug|Any CPU.ActiveCfg = Debug|Any CPU
		{564E8C2B-D719-462A-A0E9-2744B2CDD32E}.Debug|Any CPU.Build.0 = Debug|Any CPU
		{564E8C2B-D719-462A-A0E9-2744B2CDD32E}.Release|Any CPU.ActiveCfg = Release|Any CPU
		{564E8C2B-D719-462A-A0E9-2744B2CDD32E}.Release|Any CPU.Build.0 = Release|Any CPU
	EndGlobalSection
	GlobalSection(SolutionProperties) = preSolution
		HideSolutionNode = FALSE
	EndGlobalSection
	GlobalSection(ExtensibilityGlobals) = postSolution
		SolutionGuid = {66B46C4A-1534-40C8-ABDD-83F59B475F20}
	EndGlobalSection
EndGlobal
